
Microsoft Visual Studio Solution File, Format Version 12.00
# Visual Studio 2013
VisualStudioVersion = 12.0.30501.0
MinimumVisualStudioVersion = 10.0.40219.1
Project("{FAE04EC0-301F-11D3-BF4B-00C04F79EFBC}") = "ForNyanIDE", "ForNyanIDE\ForNyanIDE.csproj", "{A04B7024-7457-4DBF-A6AC-EE205601E93B}"
EndProject
Project("{FAE04EC0-301F-11D3-BF4B-00C04F79EFBC}") = "NyanCompiler", "NyanCompiler\NyanCompiler.csproj", "{559552AF-E20B-479B-847E-D7F6943E5FB8}"
EndProject
Global
	GlobalSection(SolutionConfigurationPlatforms) = preSolution
		Debug|Any CPU = Debug|Any CPU
		Release|Any CPU = Release|Any CPU
	EndGlobalSection
	GlobalSection(ProjectConfigurationPlatforms) = postSolution
		{A04B7024-7457-4DBF-A6AC-EE205601E93B}.Debug|Any CPU.ActiveCfg = Debug|Any CPU
		{A04B7024-7457-4DBF-A6AC-EE205601E93B}.Debug|Any CPU.Build.0 = Debug|Any CPU
		{A04B7024-7457-4DBF-A6AC-EE205601E93B}.Release|Any CPU.ActiveCfg = Release|Any CPU
		{A04B7024-7457-4DBF-A6AC-EE205601E93B}.Release|Any CPU.Build.0 = Release|Any CPU
		{559552AF-E20B-479B-847E-D7F6943E5FB8}.Debug|Any CPU.ActiveCfg = Debug|Any CPU
		{559552AF-E20B-479B-847E-D7F6943E5FB8}.Debug|Any CPU.Build.0 = Debug|Any CPU
		{559552AF-E20B-479B-847E-D7F6943E5FB8}.Release|Any CPU.ActiveCfg = Release|Any CPU
		{559552AF-E20B-479B-847E-D7F6943E5FB8}.Release|Any CPU.Build.0 = Release|Any CPU
	EndGlobalSection
	GlobalSection(SolutionProperties) = preSolution
		HideSolutionNode = FALSE
	EndGlobalSection
EndGlobal
